{
  "version": 4,
  "terraform_version": "1.3.9",
  "serial": 38,
  "lineage": "8b693e3b-61c8-8a7f-38b1-97c2b5991aa2",
  "outputs": {},
  "resources": [
    {
      "mode": "managed",
      "type": "digitalocean_droplet",
      "name": "web",
      "provider": "provider[\"registry.terraform.io/digitalocean/digitalocean\"]",
      "instances": [
        {
          "schema_version": 1,
          "attributes": {
            "backups": false,
            "created_at": "2023-03-13T01:41:53Z",
            "disk": 25,
            "droplet_agent": null,
            "graceful_shutdown": false,
            "id": "345163477",
            "image": "docker-20-04",
            "ipv4_address": "159.65.252.159",
            "ipv4_address_private": "10.108.0.2",
            "ipv6": false,
            "ipv6_address": "",
            "locked": false,
            "memory": 1024,
            "monitoring": false,
            "name": "testing",
            "price_hourly": 0.00893,
            "price_monthly": 6,
            "private_networking": true,
            "region": "nyc3",
            "resize_disk": true,
            "size": "s-1vcpu-1gb",
            "ssh_keys": [
              "37765278"
            ],
            "status": "active",
            "tags": null,
            "timeouts": null,
            "urn": "do:droplet:345163477",
            "user_data": "98e75c34be9facdc054a0c882e79825df1ae6541",
            "vcpus": 1,
            "volume_ids": [],
            "vpc_uuid": "83986c3b-d986-48ba-8fd3-7f358ea3cdda"
          },
          "sensitive_attributes": [],
          "private": "eyJlMmJmYjczMC1lY2FhLTExZTYtOGY4OC0zNDM2M2JjN2M0YzAiOnsiY3JlYXRlIjozNjAwMDAwMDAwMDAwLCJkZWxldGUiOjYwMDAwMDAwMDAwLCJ1cGRhdGUiOjM2MDAwMDAwMDAwMDB9LCJzY2hlbWFfdmVyc2lvbiI6IjEifQ==",
          "dependencies": [
            "digitalocean_ssh_key.web"
          ]
        }
      ]
    },
    {
      "mode": "managed",
      "type": "digitalocean_ssh_key",
      "name": "web",
      "provider": "provider[\"registry.terraform.io/digitalocean/digitalocean\"]",
      "instances": [
        {
          "schema_version": 0,
          "attributes": {
            "fingerprint": "16:06:61:1d:49:bb:27:47:6f:bf:02:e8:48:e8:ce:74",
            "id": "37765278",
            "name": "ssh key",
            "public_key": "ssh-rsa AAAAB3NzaC1yc2EAAAADAQABAAABgQC772PNf94MvJSe+Lp9YoQoLhsrlvVKiGLXibjc53P2OBo3FCJzGv6Xu/FJiY3yTcEf1UEG5LwptGinvLxG4/J9kOL7BWSQ0fS2T4EdGk8DeKTR8I1ag4ZpJRKtFW+tdblNCXxoXTylpyGrIunyUak3w8s5VryI/a/cvoKYAr9CR4cDPhB0b8DCSba4BBvlaaAMI4CM+0dlxdNERQiZk4iyXRXD4O0BkrdVEoS8ZeE0t60Mo4GbNbCsQeb3mKFu8DbsxomDkPLZe/8dyYn26wM5mL7Tgd+UOfZN0hpg4bQNnAuCbq8x9n8ezT6yerVK8wPHBnIjLuHfatUydlKGoyNPMTjnYESC3dZW8ApexPz5lzcR1W7AFMngKr7aolf8iV49f4wHdw+TisL0xbFqzI0GIm3T2fmsB60+2C6OsG7vG3yZJnktWGzPH4Up2BggaFQTj9qYPDIzK9nFRVjoPZO4hh1AoWgIUDa93goz9pJSmArYoE3xVOerQ0u/arNparM= alvar@Laptop-Robert\r\n"
          },
          "sensitive_attributes": [],
          "private": "bnVsbA=="
        }
      ]
    }
  ],
  "check_results": null
}
